// !$*UTF8*$!
{
	archiveVersion = 1;
	classes = {
	};
	objectVersion = 46;
	objects = {

/* Begin PBXBuildFile section */
		2C95D28A1A4D4780004274A0 /* AppDelegate.swift in Sources */ = {isa = PBXBuildFile; fileRef = 2C95D2891A4D4780004274A0 /* AppDelegate.swift */; };
		2C95D28C1A4D4780004274A0 /* ViewController.swift in Sources */ = {isa = PBXBuildFile; fileRef = 2C95D28B1A4D4780004274A0 /* ViewController.swift */; };
		2C95D28F1A4D4780004274A0 /* Main.storyboard in Resources */ = {isa = PBXBuildFile; fileRef = 2C95D28D1A4D4780004274A0 /* Main.storyboard */; };
		2C95D2911A4D4780004274A0 /* Images.xcassets in Resources */ = {isa = PBXBuildFile; fileRef = 2C95D2901A4D4780004274A0 /* Images.xcassets */; };
		2C95D2941A4D4780004274A0 /* LaunchScreen.xib in Resources */ = {isa = PBXBuildFile; fileRef = 2C95D2921A4D4780004274A0 /* LaunchScreen.xib */; };
		2C95D2A01A4D4780004274A0 /* ShoeConverterTests.swift in Sources */ = {isa = PBXBuildFile; fileRef = 2C95D29F1A4D4780004274A0 /* ShoeConverterTests.swift */; };
/* End PBXBuildFile section */

/* Begin PBXContainerItemProxy section */
		2C95D29A1A4D4780004274A0 /* PBXContainerItemProxy */ = {
			isa = PBXContainerItemProxy;
			containerPortal = 2C95D27C1A4D4780004274A0 /* Project object */;
			proxyType = 1;
			remoteGlobalIDString = 2C95D2831A4D4780004274A0;
			remoteInfo = ShoeConverter;
		};
/* End PBXContainerItemProxy section */

/* Begin PBXFileReference section */
		2C95D2841A4D4780004274A0 /* ShoeConverter.app */ = {isa = PBXFileReference; explicitFileType = wrapper.application; includeInIndex = 0; path = ShoeConverter.app; sourceTree = BUILT_PRODUCTS_DIR; };
		2C95D2881A4D4780004274A0 /* Info.plist */ = {isa = PBXFileReference; lastKnownFileType = text.plist.xml; path = Info.plist; sourceTree = "<group>"; };
		2C95D2891A4D4780004274A0 /* AppDelegate.swift */ = {isa = PBXFileReference; lastKnownFileType = sourcecode.swift; path = AppDelegate.swift; sourceTree = "<group>"; };
		2C95D28B1A4D4780004274A0 /* ViewController.swift */ = {isa = PBXFileReference; lastKnownFileType = sourcecode.swift; path = ViewController.swift; sourceTree = "<group>"; };
		2C95D28E1A4D4780004274A0 /* Base */ = {isa = PBXFileReference; lastKnownFileType = file.storyboard; name = Base; path = Base.lproj/Main.storyboard; sourceTree = "<group>"; };
		2C95D2901A4D4780004274A0 /* Images.xcassets */ = {isa = PBXFileReference; lastKnownFileType = folder.assetcatalog; path = Images.xcassets; sourceTree = "<group>"; };
		2C95D2931A4D4780004274A0 /* Base */ = {isa = PBXFileReference; lastKnownFileType = file.xib; name = Base; path = Base.lproj/LaunchScreen.xib; sourceTree = "<group>"; };
		2C95D2991A4D4780004274A0 /* ShoeConverterTests.xctest */ = {isa = PBXFileReference; explicitFileType = wrapper.cfbundle; includeInIndex = 0; path = ShoeConverterTests.xctest; sourceTree = BUILT_PRODUCTS_DIR; };
		2C95D29E1A4D4780004274A0 /* Info.plist */ = {isa = PBXFileReference; lastKnownFileType = text.plist.xml; path = Info.plist; sourceTree = "<group>"; };
		2C95D29F1A4D4780004274A0 /* ShoeConverterTests.swift */ = {isa = PBXFileReference; lastKnownFileType = sourcecode.swift; path = ShoeConverterTests.swift; sourceTree = "<group>"; };
/* End PBXFileReference section */

/* Begin PBXFrameworksBuildPhase section */
		2C95D2811A4D4780004274A0 /* Frameworks */ = {
			isa = PBXFrameworksBuildPhase;
			buildActionMask = 2147483647;
			files = (
			);
			runOnlyForDeploymentPostprocessing = 0;
		};
		2C95D2961A4D4780004274A0 /* Frameworks */ = {
			isa = PBXFrameworksBuildPhase;
			buildActionMask = 2147483647;
			files = (
			);
			runOnlyForDeploymentPostprocessing = 0;
		};
/* End PBXFrameworksBuildPhase section */

/* Begin PBXGroup section */
		2C95D27B1A4D4780004274A0 = {
			isa = PBXGroup;
			children = (
				2C95D2861A4D4780004274A0 /* ShoeConverter */,
				2C95D29C1A4D4780004274A0 /* ShoeConverterTests */,
				2C95D2851A4D4780004274A0 /* Products */,
			);
			sourceTree = "<group>";
		};
		2C95D2851A4D4780004274A0 /* Products */ = {
			isa = PBXGroup;
			children = (
				2C95D2841A4D4780004274A0 /* ShoeConverter.app */,
				2C95D2991A4D4780004274A0 /* ShoeConverterTests.xctest */,
			);
			name = Products;
			sourceTree = "<group>";
		};
		2C95D2861A4D4780004274A0 /* ShoeConverter */ = {
			isa = PBXGroup;
			children = (
				2C95D2891A4D4780004274A0 /* AppDelegate.swift */,
				2C95D28B1A4D4780004274A0 /* ViewController.swift */,
				2C95D28D1A4D4780004274A0 /* Main.storyboard */,
				2C95D2901A4D4780004274A0 /* Images.xcassets */,
				2C95D2921A4D4780004274A0 /* LaunchScreen.xib */,
				2C95D2871A4D4780004274A0 /* Supporting Files */,
			);
			path = ShoeConverter;
			sourceTree = "<group>";
		};
		2C95D2871A4D4780004274A0 /* Supporting Files */ = {
			isa = PBXGroup;
			children = (
				2C95D2881A4D4780004274A0 /* Info.plist */,
			);
			name = "Supporting Files";
			sourceTree = "<group>";
		};
		2C95D29C1A4D4780004274A0 /* ShoeConverterTests */ = {
			isa = PBXGroup;
			children = (
				2C95D29F1A4D4780004274A0 /* ShoeConverterTests.swift */,
				2C95D29D1A4D4780004274A0 /* Supporting Files */,
			);
			path = ShoeConverterTests;
			sourceTree = "<group>";
		};
		2C95D29D1A4D4780004274A0 /* Supporting Files */ = {
			isa = PBXGroup;
			children = (
				2C95D29E1A4D4780004274A0 /* Info.plist */,
			);
			name = "Supporting Files";
			sourceTree = "<group>";
		};
/* End PBXGroup section */

/* Begin PBXNativeTarget section */
		2C95D2831A4D4780004274A0 /* ShoeConverter */ = {
			isa = PBXNativeTarget;
			buildConfigurationList = 2C95D2A31A4D4780004274A0 /* Build configuration list for PBXNativeTarget "ShoeConverter" */;
			buildPhases = (
				2C95D2801A4D4780004274A0 /* Sources */,
				2C95D2811A4D4780004274A0 /* Frameworks */,
				2C95D2821A4D4780004274A0 /* Resources */,
			);
			buildRules = (
			);
			dependencies = (
			);
			name = ShoeConverter;
			productName = ShoeConverter;
			productReference = 2C95D2841A4D4780004274A0 /* ShoeConverter.app */;
			productType = "com.apple.product-type.application";
		};
		2C95D2981A4D4780004274A0 /* ShoeConverterTests */ = {
			isa = PBXNativeTarget;
			buildConfigurationList = 2C95D2A61A4D4780004274A0 /* Build configuration list for PBXNativeTarget "ShoeConverterTests" */;
			buildPhases = (
				2C95D2951A4D4780004274A0 /* Sources */,
				2C95D2961A4D4780004274A0 /* Frameworks */,
				2C95D2971A4D4780004274A0 /* Resources */,
			);
			buildRules = (
			);
			dependencies = (
				2C95D29B1A4D4780004274A0 /* PBXTargetDependency */,
			);
			name = ShoeConverterTests;
			productName = ShoeConverterTests;
			productReference = 2C95D2991A4D4780004274A0 /* ShoeConverterTests.xctest */;
			productType = "com.apple.product-type.bundle.unit-test";
		};
/* End PBXNativeTarget section */

/* Begin PBXProject section */
		2C95D27C1A4D4780004274A0 /* Project object */ = {
			isa = PBXProject;
			attributes = {
				LastUpgradeCheck = 0610;
				ORGANIZATIONNAME = "Alan Randell-Chen";
				TargetAttributes = {
					2C95D2831A4D4780004274A0 = {
						CreatedOnToolsVersion = 6.1.1;
					};
					2C95D2981A4D4780004274A0 = {
						CreatedOnToolsVersion = 6.1.1;
						TestTargetID = 2C95D2831A4D4780004274A0;
					};
				};
			};
			buildConfigurationList = 2C95D27F1A4D4780004274A0 /* Build configuration list for PBXProject "ShoeConverter" */;
			compatibilityVersion = "Xcode 3.2";
			developmentRegion = English;
			hasScannedForEncodings = 0;
			knownRegions = (
				en,
				Base,
			);
			mainGroup = 2C95D27B1A4D4780004274A0;
			productRefGroup = 2C95D2851A4D4780004274A0 /* Products */;
			projectDirPath = "";
			projectRoot = "";
			targets = (
				2C95D2831A4D4780004274A0 /* ShoeConverter */,
				2C95D2981A4D4780004274A0 /* ShoeConverterTests */,
			);
		};
/* End PBXProject section */

/* Begin PBXResourcesBuildPhase section */
		2C95D2821A4D4780004274A0 /* Resources */ = {
			isa = PBXResourcesBuildPhase;
			buildActionMask = 2147483647;
			files = (
				2C95D28F1A4D4780004274A0 /* Main.storyboard in Resources */,
				2C95D2941A4D4780004274A0 /* LaunchScreen.xib in Resources */,
				2C95D2911A4D4780004274A0 /* Images.xcassets in Resources */,
			);
			runOnlyForDeploymentPostprocessing = 0;
		};
		2C95D2971A4D4780004274A0 /* Resources */ = {
			isa = PBXResourcesBuildPhase;
			buildActionMask = 2147483647;
			files = (
			);
			runOnlyForDeploymentPostprocessing = 0;
		};
/* End PBXResourcesBuildPhase section */

/* Begin PBXSourcesBuildPhase section */
		2C95D2801A4D4780004274A0 /* Sources */ = {
			isa = PBXSourcesBuildPhase;
			buildActionMask = 2147483647;
			files = (
				2C95D28C1A4D4780004274A0 /* ViewController.swift in Sources */,
				2C95D28A1A4D4780004274A0 /* AppDelegate.swift in Sources */,
			);
			runOnlyForDeploymentPostprocessing = 0;
		};
		2C95D2951A4D4780004274A0 /* Sources */ = {
			isa = PBXSourcesBuildPhase;
			buildActionMask = 2147483647;
			files = (
				2C95D2A01A4D4780004274A0 /* ShoeConverterTests.swift in Sources */,
			);
			runOnlyForDeploymentPostprocessing = 0;
		};
/* End PBXSourcesBuildPhase section */

/* Begin PBXTargetDependency section */
		2C95D29B1A4D4780004274A0 /* PBXTargetDependency */ = {
			isa = PBXTargetDependency;
			target = 2C95D2831A4D4780004274A0 /* ShoeConverter */;
			targetProxy = 2C95D29A1A4D4780004274A0 /* PBXContainerItemProxy */;
		};
/* End PBXTargetDependency section */

/* Begin PBXVariantGroup section */
		2C95D28D1A4D4780004274A0 /* Main.storyboard */ = {
			isa = PBXVariantGroup;
			children = (
				2C95D28E1A4D4780004274A0 /* Base */,
			);
			name = Main.storyboard;
			sourceTree = "<group>";
		};
		2C95D2921A4D4780004274A0 /* LaunchScreen.xib */ = {
			isa = PBXVariantGroup;
			children = (
				2C95D2931A4D4780004274A0 /* Base */,
			);
			name = LaunchScreen.xib;
			sourceTree = "<group>";
		};
/* End PBXVariantGroup section */

/* Begin XCBuildConfiguration section */
		2C95D2A11A4D4780004274A0 /* Debug */ = {
			isa = XCBuildConfiguration;
			buildSettings = {
				ALWAYS_SEARCH_USER_PATHS = NO;
				CLANG_CXX_LANGUAGE_STANDARD = "gnu++0x";
				CLANG_CXX_LIBRARY = "libc++";
				CLANG_ENABLE_MODULES = YES;
				CLANG_ENABLE_OBJC_ARC = YES;
				CLANG_WARN_BOOL_CONVERSION = YES;
				CLANG_WARN_CONSTANT_CONVERSION = YES;
				CLANG_WARN_DIRECT_OBJC_ISA_USAGE = YES_ERROR;
				CLANG_WARN_EMPTY_BODY = YES;
				CLANG_WARN_ENUM_CONVERSION = YES;
				CLANG_WARN_INT_CONVERSION = YES;
				CLANG_WARN_OBJC_ROOT_CLASS = YES_ERROR;
				CLANG_WARN_UNREACHABLE_CODE = YES;
				CLANG_WARN__DUPLICATE_METHOD_MATCH = YES;
				"CODE_SIGN_IDENTITY[sdk=iphoneos*]" = "iPhone Developer";
				COPY_PHASE_STRIP = NO;
				ENABLE_STRICT_OBJC_MSGSEND = YES;
				GCC_C_LANGUAGE_STANDARD = gnu99;
				GCC_DYNAMIC_NO_PIC = NO;
				GCC_OPTIMIZATION_LEVEL = 0;
				GCC_PREPROCESSOR_DEFINITIONS = (
					"DEBUG=1",
					"$(inherited)",
				);
				GCC_SYMBOLS_PRIVATE_EXTERN = NO;
				GCC_WARN_64_TO_32_BIT_CONVERSION = YES;
				GCC_WARN_ABOUT_RETURN_TYPE = YES_ERROR;
				GCC_WARN_UNDECLARED_SELECTOR = YES;
				GCC_WARN_UNINITIALIZED_AUTOS = YES_AGGRESSIVE;
				GCC_WARN_UNUSED_FUNCTION = YES;
				GCC_WARN_UNUSED_VARIABLE = YES;
				IPHONEOS_DEPLOYMENT_TARGET = 8.1;
				MTL_ENABLE_DEBUG_INFO = YES;
				ONLY_ACTIVE_ARCH = YES;
				SDKROOT = iphoneos;
				SWIFT_OPTIMIZATION_LEVEL = "-Onone";
				TARGETED_DEVICE_FAMILY = "1,2";
			};
			name = Debug;
		};
		2C95D2A21A4D4780004274A0 /* Release */ = {
			isa = XCBuildConfiguration;
			buildSettings = {
				ALWAYS_SEARCH_USER_PATHS = NO;
				CLANG_CXX_LANGUAGE_STANDARD = "gnu++0x";
				CLANG_CXX_LIBRARY = "libc++";
				CLANG_ENABLE_MODULES = YES;
				CLANG_ENABLE_OBJC_ARC = YES;
				CLANG_WARN_BOOL_CONVERSION = YES;
				CLANG_WARN_CONSTANT_CONVERSION = YES;
				CLANG_WARN_DIRECT_OBJC_ISA_USAGE = YES_ERROR;
				CLANG_WARN_EMPTY_BODY = YES;
				CLANG_WARN_ENUM_CONVERSION = YES;
				CLANG_WARN_INT_CONVERSION = YES;
				CLANG_WARN_OBJC_ROOT_CLASS = YES_ERROR;
				CLANG_WARN_UNREACHABLE_CODE = YES;
				CLANG_WARN__DUPLICATE_METHOD_MATCH = YES;
				"CODE_SIGN_IDENTITY[sdk=iphoneos*]" = "iPhone Developer";
				COPY_PHASE_STRIP = YES;
				ENABLE_NS_ASSERTIONS = NO;
				ENABLE_STRICT_OBJC_MSGSEND = YES;
				GCC_C_LANGUAGE_STANDARD = gnu99;
				GCC_WARN_64_TO_32_BIT_CONVERSION = YES;
				GCC_WARN_ABOUT_RETURN_TYPE = YES_ERROR;
				GCC_WARN_UNDECLARED_SELECTOR = YES;
				GCC_WARN_UNINITIALIZED_AUTOS = YES_AGGRESSIVE;
				GCC_WARN_UNUSED_FUNCTION = YES;
				GCC_WARN_UNUSED_VARIABLE = YES;
				IPHONEOS_DEPLOYMENT_TARGET = 8.1;
				MTL_ENABLE_DEBUG_INFO = NO;
				SDKROOT = iphoneos;
				TARGETED_DEVICE_FAMILY = "1,2";
				VALIDATE_PRODUCT = YES;
			};
			name = Release;
		};
		2C95D2A41A4D4780004274A0 /* Debug */ = {
			isa = XCBuildConfiguration;
			buildSettings = {
				ASSETCATALOG_COMPILER_APPICON_NAME = AppIcon;
				INFOPLIST_FILE = ShoeConverter/Info.plist;
				LD_RUNPATH_SEARCH_PATHS = "$(inherited) @executable_path/Frameworks";
				PRODUCT_NAME = "$(TARGET_NAME)";
			};
			name = Debug;
		};
		2C95D2A51A4D4780004274A0 /* Release */ = {
			isa = XCBuildConfiguration;
			buildSettings = {
				ASSETCATALOG_COMPILER_APPICON_NAME = AppIcon;
				INFOPLIST_FILE = ShoeConverter/Info.plist;
				LD_RUNPATH_SEARCH_PATHS = "$(inherited) @executable_path/Frameworks";
				PRODUCT_NAME = "$(TARGET_NAME)";
			};
			name = Release;
		};
		2C95D2A71A4D4780004274A0 /* Debug */ = {
			isa = XCBuildConfiguration;
			buildSettings = {
				BUNDLE_LOADER = "$(TEST_HOST)";
				FRAMEWORK_SEARCH_PATHS = (
					"$(SDKROOT)/Developer/Library/Frameworks",
					"$(inherited)",
				);
				GCC_PREPROCESSOR_DEFINITIONS = (
					"DEBUG=1",
					"$(inherited)",
				);
				INFOPLIST_FILE = ShoeConverterTests/Info.plist;
				LD_RUNPATH_SEARCH_PATHS = "$(inherited) @executable_path/Frameworks @loader_path/Frameworks";
				PRODUCT_NAME = "$(TARGET_NAME)";
				TEST_HOST = "$(BUILT_PRODUCTS_DIR)/ShoeConverter.app/ShoeConverter";
			};
			name = Debug;
		};
		2C95D2A81A4D4780004274A0 /* Release */ = {
			isa = XCBuildConfiguration;
			buildSettings = {
				BUNDLE_LOADER = "$(TEST_HOST)";
				FRAMEWORK_SEARCH_PATHS = (
					"$(SDKROOT)/Developer/Library/Frameworks",
					"$(inherited)",
				);
				INFOPLIST_FILE = ShoeConverterTests/Info.plist;
				LD_RUNPATH_SEARCH_PATHS = "$(inherited) @executable_path/Frameworks @loader_path/Frameworks";
				PRODUCT_NAME = "$(TARGET_NAME)";
				TEST_HOST = "$(BUILT_PRODUCTS_DIR)/ShoeConverter.app/ShoeConverter";
			};
			name = Release;
		};
/* End XCBuildConfiguration section */

/* Begin XCConfigurationList section */
		2C95D27F1A4D4780004274A0 /* Build configuration list for PBXProject "ShoeConverter" */ = {
			isa = XCConfigurationList;
			buildConfigurations = (
				2C95D2A11A4D4780004274A0 /* Debug */,
				2C95D2A21A4D4780004274A0 /* Release */,
			);
			defaultConfigurationIsVisible = 0;
			defaultConfigurationName = Release;
		};
		2C95D2A31A4D4780004274A0 /* Build configuration list for PBXNativeTarget "ShoeConverter" */ = {
			isa = XCConfigurationList;
			buildConfigurations = (
				2C95D2A41A4D4780004274A0 /* Debug */,
				2C95D2A51A4D4780004274A0 /* Release */,
			);
			defaultConfigurationIsVisible = 0;
		};
		2C95D2A61A4D4780004274A0 /* Build configuration list for PBXNativeTarget "ShoeConverterTests" */ = {
			isa = XCConfigurationList;
			buildConfigurations = (
				2C95D2A71A4D4780004274A0 /* Debug */,
				2C95D2A81A4D4780004274A0 /* Release */,
			);
			defaultConfigurationIsVisible = 0;
		};
/* End XCConfigurationList section */
	};
	rootObject = 2C95D27C1A4D4780004274A0 /* Project object */;
}
